<?xml version="1.0" encoding="UTF-8" standalone="yes" ?>
<CodeBlocks_project_file>
	<FileVersion major="1" minor="6" />
	<Project>
		<Option title="Volemon3D" />
		<Option pch_mode="2" />
		<Option compiler="gcc" />
		<Build>
			<Target title="Debug">
				<Option output="bin\Debug\Volemon3D" prefix_auto="1" extension_auto="1" />
				<Option object_output="obj\Debug\" />
				<Option type="1" />
				<Option compiler="gcc" />
				<Compiler>
					<Add option="-g" />
				</Compiler>
				<Linker>
					<Add option="-static-libgcc" />
					<Add option="-lsfml-graphics" />
					<Add option="-lsfml-window" />
					<Add option="-lsfml-system" />
					<Add option="-lopengl32" />
					<Add option="-lglu32" />
				</Linker>
			</Target>
			<Target title="Release">
				<Option output="bin\Release\Volemon3D" prefix_auto="1" extension_auto="1" />
				<Option object_output="obj\Release\" />
				<Option type="1" />
				<Option compiler="gcc" />
				<Compiler>
					<Add option="-O2" />
				</Compiler>
				<Linker>
					<Add option="-s" />
				</Linker>
			</Target>
		</Build>
		<Compiler>
			<Add option="-Wall" />
			<Add option="-fexceptions" />
		</Compiler>
		<Linker>
			<Add option="-lsfml-graphics" />
			<Add option="-lsfml-window" />
			<Add option="-lsfml-system" />
		</Linker>
		<Unit filename="inc\Joueur.hpp" />
		<Unit filename="inc\balle.hpp" />
		<Unit filename="inc\draw.hpp" />
		<Unit filename="main.cpp" />
		<Unit filename="src\Joueur.cpp" />
		<Unit filename="src\balle.cpp" />
		<Unit filename="src\draw.cpp" />
		<Extensions>
			<code_completion />
			<debugger />
		</Extensions>
	</Project>
</CodeBlocks_project_file>
